
Microsoft Visual Studio Solution File, Format Version 12.00
# Visual Studio Version 17
VisualStudioVersion = 17.14.36327.8 d17.14
MinimumVisualStudioVersion = 10.0.40219.1
Project("{FAE04EC0-301F-11D3-BF4B-00C04F79EFBC}") = "LighthouseSocial.Domain", "LighthouseSocial.Domain\LighthouseSocial.Domain.csproj", "{8449F857-1DD5-4B6F-852C-CA00BBD8BD15}"
EndProject
Global
	GlobalSection(SolutionConfigurationPlatforms) = preSolution
		Debug|Any CPU = Debug|Any CPU
		Release|Any CPU = Release|Any CPU
	EndGlobalSection
	GlobalSection(ProjectConfigurationPlatforms) = postSolution
		{8449F857-1DD5-4B6F-852C-CA00BBD8BD15}.Debug|Any CPU.ActiveCfg = Debug|Any CPU
		{8449F857-1DD5-4B6F-852C-CA00BBD8BD15}.Debug|Any CPU.Build.0 = Debug|Any CPU
		{8449F857-1DD5-4B6F-852C-CA00BBD8BD15}.Release|Any CPU.ActiveCfg = Release|Any CPU
		{8449F857-1DD5-4B6F-852C-CA00BBD8BD15}.Release|Any CPU.Build.0 = Release|Any CPU
	EndGlobalSection
	GlobalSection(SolutionProperties) = preSolution
		HideSolutionNode = FALSE
	EndGlobalSection
	GlobalSection(ExtensibilityGlobals) = postSolution
		SolutionGuid = {396A31C3-3A80-4A8D-AD1A-D397677F8FA0}
	EndGlobalSection
EndGlobal
